
Microsoft Visual Studio Solution File, Format Version 12.00
# Visual Studio Version 17
VisualStudioVersion = 17.13.35913.81
MinimumVisualStudioVersion = 10.0.40219.1
Project("{FAE04EC0-301F-11D3-BF4B-00C04F79EFBC}") = "1-KampIntro", "KampIntro\1-KampIntro.csproj", "{348F9718-065D-4E09-8D09-A8CBD064CE94}"
EndProject
Project("{FAE04EC0-301F-11D3-BF4B-00C04F79EFBC}") = "2-Donguler", "Donguler\2-Donguler.csproj", "{BB1A80CC-C28D-48FB-BE6C-1F2A39090362}"
EndProject
Project("{FAE04EC0-301F-11D3-BF4B-00C04F79EFBC}") = "3-ClassIntro", "ClassIntro\3-ClassIntro.csproj", "{1C93889D-740C-453F-B73E-27C3B79ED295}"
EndProject
Project("{FAE04EC0-301F-11D3-BF4B-00C04F79EFBC}") = "5-Metotlar", "Metotlar\5-Metotlar.csproj", "{43496831-E5A5-4C7B-BED0-BC0CBA175C87}"
EndProject
Project("{FAE04EC0-301F-11D3-BF4B-00C04F79EFBC}") = "4-Matematik", "Matematik\4-Matematik.csproj", "{94B83062-CB6E-42B8-9F06-E577C2D66AE1}"
EndProject
Project("{FAE04EC0-301F-11D3-BF4B-00C04F79EFBC}") = "6-DegerVeReferansTipler", "DegerVeReferansTipler\6-DegerVeReferansTipler.csproj", "{F66B5417-3786-4E60-A878-51B28DB156B1}"
EndProject
Project("{FAE04EC0-301F-11D3-BF4B-00C04F79EFBC}") = "7-OOP1", "7-OOP1\7-OOP1.csproj", "{3F845C32-9FB2-4E0D-996A-DA3DDA7CE3D6}"
EndProject
Project("{FAE04EC0-301F-11D3-BF4B-00C04F79EFBC}") = "8-Koleksiyonlar", "8-Koleksiyonlar\8-Koleksiyonlar.csproj", "{94B1831A-52B3-4040-A391-C9F811D33D3D}"
EndProject
Project("{FAE04EC0-301F-11D3-BF4B-00C04F79EFBC}") = "GenericsIntro", "GenericsIntro\GenericsIntro.csproj", "{773E8AE9-2A29-4DE2-8224-06A891E82754}"
EndProject
Global
	GlobalSection(SolutionConfigurationPlatforms) = preSolution
		Debug|Any CPU = Debug|Any CPU
		Release|Any CPU = Release|Any CPU
	EndGlobalSection
	GlobalSection(ProjectConfigurationPlatforms) = postSolution
		{348F9718-065D-4E09-8D09-A8CBD064CE94}.Debug|Any CPU.ActiveCfg = Debug|Any CPU
		{348F9718-065D-4E09-8D09-A8CBD064CE94}.Debug|Any CPU.Build.0 = Debug|Any CPU
		{348F9718-065D-4E09-8D09-A8CBD064CE94}.Release|Any CPU.ActiveCfg = Release|Any CPU
		{348F9718-065D-4E09-8D09-A8CBD064CE94}.Release|Any CPU.Build.0 = Release|Any CPU
		{BB1A80CC-C28D-48FB-BE6C-1F2A39090362}.Debug|Any CPU.ActiveCfg = Debug|Any CPU
		{BB1A80CC-C28D-48FB-BE6C-1F2A39090362}.Debug|Any CPU.Build.0 = Debug|Any CPU
		{BB1A80CC-C28D-48FB-BE6C-1F2A39090362}.Release|Any CPU.ActiveCfg = Release|Any CPU
		{BB1A80CC-C28D-48FB-BE6C-1F2A39090362}.Release|Any CPU.Build.0 = Release|Any CPU
		{1C93889D-740C-453F-B73E-27C3B79ED295}.Debug|Any CPU.ActiveCfg = Debug|Any CPU
		{1C93889D-740C-453F-B73E-27C3B79ED295}.Debug|Any CPU.Build.0 = Debug|Any CPU
		{1C93889D-740C-453F-B73E-27C3B79ED295}.Release|Any CPU.ActiveCfg = Release|Any CPU
		{1C93889D-740C-453F-B73E-27C3B79ED295}.Release|Any CPU.Build.0 = Release|Any CPU
		{43496831-E5A5-4C7B-BED0-BC0CBA175C87}.Debug|Any CPU.ActiveCfg = Debug|Any CPU
		{43496831-E5A5-4C7B-BED0-BC0CBA175C87}.Debug|Any CPU.Build.0 = Debug|Any CPU
		{43496831-E5A5-4C7B-BED0-BC0CBA175C87}.Release|Any CPU.ActiveCfg = Release|Any CPU
		{43496831-E5A5-4C7B-BED0-BC0CBA175C87}.Release|Any CPU.Build.0 = Release|Any CPU
		{94B83062-CB6E-42B8-9F06-E577C2D66AE1}.Debug|Any CPU.ActiveCfg = Debug|Any CPU
		{94B83062-CB6E-42B8-9F06-E577C2D66AE1}.Debug|Any CPU.Build.0 = Debug|Any CPU
		{94B83062-CB6E-42B8-9F06-E577C2D66AE1}.Release|Any CPU.ActiveCfg = Release|Any CPU
		{94B83062-CB6E-42B8-9F06-E577C2D66AE1}.Release|Any CPU.Build.0 = Release|Any CPU
		{F66B5417-3786-4E60-A878-51B28DB156B1}.Debug|Any CPU.ActiveCfg = Debug|Any CPU
		{F66B5417-3786-4E60-A878-51B28DB156B1}.Debug|Any CPU.Build.0 = Debug|Any CPU
		{F66B5417-3786-4E60-A878-51B28DB156B1}.Release|Any CPU.ActiveCfg = Release|Any CPU
		{F66B5417-3786-4E60-A878-51B28DB156B1}.Release|Any CPU.Build.0 = Release|Any CPU
		{3F845C32-9FB2-4E0D-996A-DA3DDA7CE3D6}.Debug|Any CPU.ActiveCfg = Debug|Any CPU
		{3F845C32-9FB2-4E0D-996A-DA3DDA7CE3D6}.Debug|Any CPU.Build.0 = Debug|Any CPU
		{3F845C32-9FB2-4E0D-996A-DA3DDA7CE3D6}.Release|Any CPU.ActiveCfg = Release|Any CPU
		{3F845C32-9FB2-4E0D-996A-DA3DDA7CE3D6}.Release|Any CPU.Build.0 = Release|Any CPU
		{94B1831A-52B3-4040-A391-C9F811D33D3D}.Debug|Any CPU.ActiveCfg = Debug|Any CPU
		{94B1831A-52B3-4040-A391-C9F811D33D3D}.Debug|Any CPU.Build.0 = Debug|Any CPU
		{94B1831A-52B3-4040-A391-C9F811D33D3D}.Release|Any CPU.ActiveCfg = Release|Any CPU
		{94B1831A-52B3-4040-A391-C9F811D33D3D}.Release|Any CPU.Build.0 = Release|Any CPU
		{773E8AE9-2A29-4DE2-8224-06A891E82754}.Debug|Any CPU.ActiveCfg = Debug|Any CPU
		{773E8AE9-2A29-4DE2-8224-06A891E82754}.Debug|Any CPU.Build.0 = Debug|Any CPU
		{773E8AE9-2A29-4DE2-8224-06A891E82754}.Release|Any CPU.ActiveCfg = Release|Any CPU
		{773E8AE9-2A29-4DE2-8224-06A891E82754}.Release|Any CPU.Build.0 = Release|Any CPU
	EndGlobalSection
	GlobalSection(SolutionProperties) = preSolution
		HideSolutionNode = FALSE
	EndGlobalSection
	GlobalSection(ExtensibilityGlobals) = postSolution
		SolutionGuid = {0625773F-E546-4EC4-9F27-09D4CBC91CE2}
	EndGlobalSection
EndGlobal
